
Microsoft Visual Studio Solution File, Format Version 12.00
# Visual Studio Version 16
VisualStudioVersion = 16.0.33529.622
MinimumVisualStudioVersion = 10.0.40219.1
Project("{FAE04EC0-301F-11D3-BF4B-00C04F79EFBC}") = "YueBoAdmin", "YueBoAdmin\YueBoAdmin.csproj", "{56F1776A-459B-403F-A475-79CF681933CC}"
EndProject
Global
	GlobalSection(SolutionConfigurationPlatforms) = preSolution
		Debug|Any CPU = Debug|Any CPU
		Release|Any CPU = Release|Any CPU
	EndGlobalSection
	GlobalSection(ProjectConfigurationPlatforms) = postSolution
		{56F1776A-459B-403F-A475-79CF681933CC}.Debug|Any CPU.ActiveCfg = Debug|Any CPU
		{56F1776A-459B-403F-A475-79CF681933CC}.Debug|Any CPU.Build.0 = Debug|Any CPU
		{56F1776A-459B-403F-A475-79CF681933CC}.Release|Any CPU.ActiveCfg = Release|Any CPU
		{56F1776A-459B-403F-A475-79CF681933CC}.Release|Any CPU.Build.0 = Release|Any CPU
	EndGlobalSection
	GlobalSection(SolutionProperties) = preSolution
		HideSolutionNode = FALSE
	EndGlobalSection
	GlobalSection(ExtensibilityGlobals) = postSolution
		SolutionGuid = {53CFCEB7-6B0D-4993-9C13-11461F0A11BF}
	EndGlobalSection
EndGlobal
